
Microsoft Visual Studio Solution File, Format Version 12.00
# Visual Studio Version 16
VisualStudioVersion = 16.0.30711.63
MinimumVisualStudioVersion = 10.0.40219.1
Project("{FAE04EC0-301F-11D3-BF4B-00C04F79EFBC}") = "EmployeeHierarchy", "EmployeeHierarchy\EmployeeHierarchy.csproj", "{A41581DE-339D-4C14-8E52-A11532B61AD2}"
EndProject
Global
	GlobalSection(SolutionConfigurationPlatforms) = preSolution
		Debug|Any CPU = Debug|Any CPU
		Release|Any CPU = Release|Any CPU
	EndGlobalSection
	GlobalSection(ProjectConfigurationPlatforms) = postSolution
		{A41581DE-339D-4C14-8E52-A11532B61AD2}.Debug|Any CPU.ActiveCfg = Debug|Any CPU
		{A41581DE-339D-4C14-8E52-A11532B61AD2}.Debug|Any CPU.Build.0 = Debug|Any CPU
		{A41581DE-339D-4C14-8E52-A11532B61AD2}.Release|Any CPU.ActiveCfg = Release|Any CPU
		{A41581DE-339D-4C14-8E52-A11532B61AD2}.Release|Any CPU.Build.0 = Release|Any CPU
	EndGlobalSection
	GlobalSection(SolutionProperties) = preSolution
		HideSolutionNode = FALSE
	EndGlobalSection
	GlobalSection(ExtensibilityGlobals) = postSolution
		SolutionGuid = {99E2292D-D88B-46B2-ABD1-B8509F2CFE2E}
	EndGlobalSection
EndGlobal
